
Microsoft Visual Studio Solution File, Format Version 12.00
# Visual Studio Version 17
VisualStudioVersion = 17.0.32002.185
MinimumVisualStudioVersion = 10.0.40219.1
Project("{9A19103F-16F7-4668-BE54-9A1E7A4F7556}") = "Domain", "Domain\Domain.csproj", "{584874EC-25FD-4CE2-9734-D2E0668C5ADC}"
EndProject
Project("{9A19103F-16F7-4668-BE54-9A1E7A4F7556}") = "UseCases", "UseCases\UseCases.csproj", "{5B928EB4-9214-4339-8759-C0488B06A54E}"
EndProject
Project("{9A19103F-16F7-4668-BE54-9A1E7A4F7556}") = "WebApp", "WebApp\WebApp.csproj", "{981E821E-7492-4D24-A047-542DE973CD44}"
EndProject
Project("{9A19103F-16F7-4668-BE54-9A1E7A4F7556}") = "DataAccess", "DataAccess\DataAccess.csproj", "{1A3CA264-14AE-4332-85D8-C9CF600DE25C}"
EndProject
Project("{9A19103F-16F7-4668-BE54-9A1E7A4F7556}") = "Infrastructure", "Infrastructure\Infrastructure.csproj", "{90AF7086-B5DF-4581-A668-18AA9EB823A0}"
EndProject
Project("{9A19103F-16F7-4668-BE54-9A1E7A4F7556}") = "WebAppTest", "Test\WebAppTest.csproj", "{C2C9E1AA-E2B4-4202-85BB-F103BD499588}"
EndProject
Project("{9A19103F-16F7-4668-BE54-9A1E7A4F7556}") = "EventBusConsumer", "EventBusConsumer\EventBusConsumer.csproj", "{064C5304-009D-49AC-959E-E07571777780}"
EndProject
Project("{E53339B2-1760-4266-BCC7-CA923CBCF16C}") = "docker-compose", "docker-compose.dcproj", "{EA02DC56-484A-4453-8306-760A048CC06E}"
EndProject
Global
	GlobalSection(SolutionConfigurationPlatforms) = preSolution
		Debug|Any CPU = Debug|Any CPU
		Release|Any CPU = Release|Any CPU
	EndGlobalSection
	GlobalSection(ProjectConfigurationPlatforms) = postSolution
		{584874EC-25FD-4CE2-9734-D2E0668C5ADC}.Debug|Any CPU.ActiveCfg = Debug|Any CPU
		{584874EC-25FD-4CE2-9734-D2E0668C5ADC}.Debug|Any CPU.Build.0 = Debug|Any CPU
		{584874EC-25FD-4CE2-9734-D2E0668C5ADC}.Release|Any CPU.ActiveCfg = Release|Any CPU
		{584874EC-25FD-4CE2-9734-D2E0668C5ADC}.Release|Any CPU.Build.0 = Release|Any CPU
		{5B928EB4-9214-4339-8759-C0488B06A54E}.Debug|Any CPU.ActiveCfg = Debug|Any CPU
		{5B928EB4-9214-4339-8759-C0488B06A54E}.Debug|Any CPU.Build.0 = Debug|Any CPU
		{5B928EB4-9214-4339-8759-C0488B06A54E}.Release|Any CPU.ActiveCfg = Release|Any CPU
		{5B928EB4-9214-4339-8759-C0488B06A54E}.Release|Any CPU.Build.0 = Release|Any CPU
		{981E821E-7492-4D24-A047-542DE973CD44}.Debug|Any CPU.ActiveCfg = Debug|Any CPU
		{981E821E-7492-4D24-A047-542DE973CD44}.Debug|Any CPU.Build.0 = Debug|Any CPU
		{981E821E-7492-4D24-A047-542DE973CD44}.Release|Any CPU.ActiveCfg = Release|Any CPU
		{981E821E-7492-4D24-A047-542DE973CD44}.Release|Any CPU.Build.0 = Release|Any CPU
		{1A3CA264-14AE-4332-85D8-C9CF600DE25C}.Debug|Any CPU.ActiveCfg = Debug|Any CPU
		{1A3CA264-14AE-4332-85D8-C9CF600DE25C}.Debug|Any CPU.Build.0 = Debug|Any CPU
		{1A3CA264-14AE-4332-85D8-C9CF600DE25C}.Release|Any CPU.ActiveCfg = Release|Any CPU
		{1A3CA264-14AE-4332-85D8-C9CF600DE25C}.Release|Any CPU.Build.0 = Release|Any CPU
		{90AF7086-B5DF-4581-A668-18AA9EB823A0}.Debug|Any CPU.ActiveCfg = Debug|Any CPU
		{90AF7086-B5DF-4581-A668-18AA9EB823A0}.Debug|Any CPU.Build.0 = Debug|Any CPU
		{90AF7086-B5DF-4581-A668-18AA9EB823A0}.Release|Any CPU.ActiveCfg = Release|Any CPU
		{90AF7086-B5DF-4581-A668-18AA9EB823A0}.Release|Any CPU.Build.0 = Release|Any CPU
		{C2C9E1AA-E2B4-4202-85BB-F103BD499588}.Debug|Any CPU.ActiveCfg = Debug|Any CPU
		{C2C9E1AA-E2B4-4202-85BB-F103BD499588}.Debug|Any CPU.Build.0 = Debug|Any CPU
		{C2C9E1AA-E2B4-4202-85BB-F103BD499588}.Release|Any CPU.ActiveCfg = Release|Any CPU
		{C2C9E1AA-E2B4-4202-85BB-F103BD499588}.Release|Any CPU.Build.0 = Release|Any CPU
		{064C5304-009D-49AC-959E-E07571777780}.Debug|Any CPU.ActiveCfg = Debug|Any CPU
		{064C5304-009D-49AC-959E-E07571777780}.Debug|Any CPU.Build.0 = Debug|Any CPU
		{064C5304-009D-49AC-959E-E07571777780}.Release|Any CPU.ActiveCfg = Release|Any CPU
		{064C5304-009D-49AC-959E-E07571777780}.Release|Any CPU.Build.0 = Release|Any CPU
		{EA02DC56-484A-4453-8306-760A048CC06E}.Debug|Any CPU.ActiveCfg = Debug|Any CPU
		{EA02DC56-484A-4453-8306-760A048CC06E}.Debug|Any CPU.Build.0 = Debug|Any CPU
		{EA02DC56-484A-4453-8306-760A048CC06E}.Release|Any CPU.ActiveCfg = Release|Any CPU
		{EA02DC56-484A-4453-8306-760A048CC06E}.Release|Any CPU.Build.0 = Release|Any CPU
	EndGlobalSection
	GlobalSection(SolutionProperties) = preSolution
		HideSolutionNode = FALSE
	EndGlobalSection
	GlobalSection(ExtensibilityGlobals) = postSolution
		SolutionGuid = {4F49D3DF-75DE-495B-B7E0-20D478649239}
	EndGlobalSection
EndGlobal
